
Microsoft Visual Studio Solution File, Format Version 12.00
# Visual Studio Version 16
VisualStudioVersion = 16.0.31424.327
MinimumVisualStudioVersion = 10.0.40219.1
Project("{FAE04EC0-301F-11D3-BF4B-00C04F79EFBC}") = "ConsoleApp16", "ConsoleApp16\ConsoleApp16.csproj", "{AD0B1A35-41AC-4DDC-AF1B-5126901DA3B2}"
EndProject
Global
	GlobalSection(SolutionConfigurationPlatforms) = preSolution
		Debug|Any CPU = Debug|Any CPU
		Release|Any CPU = Release|Any CPU
	EndGlobalSection
	GlobalSection(ProjectConfigurationPlatforms) = postSolution
		{AD0B1A35-41AC-4DDC-AF1B-5126901DA3B2}.Debug|Any CPU.ActiveCfg = Debug|Any CPU
		{AD0B1A35-41AC-4DDC-AF1B-5126901DA3B2}.Debug|Any CPU.Build.0 = Debug|Any CPU
		{AD0B1A35-41AC-4DDC-AF1B-5126901DA3B2}.Release|Any CPU.ActiveCfg = Release|Any CPU
		{AD0B1A35-41AC-4DDC-AF1B-5126901DA3B2}.Release|Any CPU.Build.0 = Release|Any CPU
	EndGlobalSection
	GlobalSection(SolutionProperties) = preSolution
		HideSolutionNode = FALSE
	EndGlobalSection
	GlobalSection(ExtensibilityGlobals) = postSolution
		SolutionGuid = {831A38CE-3053-4F90-A103-83745ECFC7A0}
	EndGlobalSection
EndGlobal
